// !$*UTF8*$!
{
	archiveVersion = 1;
	classes = {
	};
	objectVersion = 60;
	objects = {

/* Begin PBXBuildFile section */
		3D21E7432C47E3790047FC05 /* SignInVC.swift in Sources */ = {isa = PBXBuildFile; fileRef = 3D21E7422C47E3790047FC05 /* SignInVC.swift */; };
		3D21E7452C4805950047FC05 /* UserData.swift in Sources */ = {isa = PBXBuildFile; fileRef = 3D21E7442C4805950047FC05 /* UserData.swift */; };
		3D21E7492C4A86540047FC05 /* MainMenuVC.swift in Sources */ = {isa = PBXBuildFile; fileRef = 3D21E7482C4A86540047FC05 /* MainMenuVC.swift */; };
		3D21E74B2C4A86A10047FC05 /* UploadVC.swift in Sources */ = {isa = PBXBuildFile; fileRef = 3D21E74A2C4A86A10047FC05 /* UploadVC.swift */; };
		3D21E74D2C4A86EF0047FC05 /* SettingsVC.swift in Sources */ = {isa = PBXBuildFile; fileRef = 3D21E74C2C4A86EF0047FC05 /* SettingsVC.swift */; };
		3D21E7502C4A9A510047FC05 /* UserSingleton.swift in Sources */ = {isa = PBXBuildFile; fileRef = 3D21E74F2C4A9A510047FC05 /* UserSingleton.swift */; };
		3D21E7542C4BDF340047FC05 /* FirebaseStorageCombine-Community in Frameworks */ = {isa = PBXBuildFile; productRef = 3D21E7532C4BDF340047FC05 /* FirebaseStorageCombine-Community */; };
		3D21E7562C4C29DB0047FC05 /* MainMenuCell.swift in Sources */ = {isa = PBXBuildFile; fileRef = 3D21E7552C4C29DB0047FC05 /* MainMenuCell.swift */; };
		3D21E7582C4C3E300047FC05 /* Snap.swift in Sources */ = {isa = PBXBuildFile; fileRef = 3D21E7572C4C3E300047FC05 /* Snap.swift */; };
		3D21E75B2C4D11630047FC05 /* SDWebImage in Frameworks */ = {isa = PBXBuildFile; productRef = 3D21E75A2C4D11630047FC05 /* SDWebImage */; };
		3D21E75D2C4D11630047FC05 /* SDWebImageMapKit in Frameworks */ = {isa = PBXBuildFile; productRef = 3D21E75C2C4D11630047FC05 /* SDWebImageMapKit */; };
		3D86DC202C4E7CC000D1673C /* AlertC.swift in Sources */ = {isa = PBXBuildFile; fileRef = 3D86DC1F2C4E7CC000D1673C /* AlertC.swift */; };
		3D86DC232C4ED28E00D1673C /* ImageSlideshow in Frameworks */ = {isa = PBXBuildFile; productRef = 3D86DC222C4ED28E00D1673C /* ImageSlideshow */; };
		3D86DC252C4ED28E00D1673C /* ImageSlideshow/Alamofire in Frameworks */ = {isa = PBXBuildFile; productRef = 3D86DC242C4ED28E00D1673C /* ImageSlideshow/Alamofire */; };
		3D86DC272C4ED28E00D1673C /* ImageSlideshow/Kingfisher in Frameworks */ = {isa = PBXBuildFile; productRef = 3D86DC262C4ED28E00D1673C /* ImageSlideshow/Kingfisher */; };
		3D86DC292C4ED28E00D1673C /* ImageSlideshow/SDWebImage in Frameworks */ = {isa = PBXBuildFile; productRef = 3D86DC282C4ED28E00D1673C /* ImageSlideshow/SDWebImage */; };
		3D86DC2B2C4ED31A00D1673C /* SnapVC.swift in Sources */ = {isa = PBXBuildFile; fileRef = 3D86DC2A2C4ED31A00D1673C /* SnapVC.swift */; };
		3D96578A2C317A63002A260A /* AppDelegate.swift in Sources */ = {isa = PBXBuildFile; fileRef = 3D9657892C317A63002A260A /* AppDelegate.swift */; };
		3D96578C2C317A63002A260A /* SceneDelegate.swift in Sources */ = {isa = PBXBuildFile; fileRef = 3D96578B2C317A63002A260A /* SceneDelegate.swift */; };
		3D96578E2C317A63002A260A /* LaunchVC.swift in Sources */ = {isa = PBXBuildFile; fileRef = 3D96578D2C317A63002A260A /* LaunchVC.swift */; };
		3D9657912C317A63002A260A /* Main.storyboard in Resources */ = {isa = PBXBuildFile; fileRef = 3D96578F2C317A63002A260A /* Main.storyboard */; };
		3D9657932C317A66002A260A /* Assets.xcassets in Resources */ = {isa = PBXBuildFile; fileRef = 3D9657922C317A66002A260A /* Assets.xcassets */; };
		3D9657962C317A66002A260A /* LaunchScreen.storyboard in Resources */ = {isa = PBXBuildFile; fileRef = 3D9657942C317A66002A260A /* LaunchScreen.storyboard */; };
		3D96579E2C317AB1002A260A /* GoogleService-Info.plist in Resources */ = {isa = PBXBuildFile; fileRef = 3D96579D2C317AB1002A260A /* GoogleService-Info.plist */; };
		3D9657A12C317EF0002A260A /* FirebaseAnalytics in Frameworks */ = {isa = PBXBuildFile; productRef = 3D9657A02C317EF0002A260A /* FirebaseAnalytics */; };
		3D9657A32C317EF0002A260A /* FirebaseAuth in Frameworks */ = {isa = PBXBuildFile; productRef = 3D9657A22C317EF0002A260A /* FirebaseAuth */; };
		3D9657A52C317EF0002A260A /* FirebaseDatabase in Frameworks */ = {isa = PBXBuildFile; productRef = 3D9657A42C317EF0002A260A /* FirebaseDatabase */; };
		3D9657A72C317EF0002A260A /* FirebaseFirestore in Frameworks */ = {isa = PBXBuildFile; productRef = 3D9657A62C317EF0002A260A /* FirebaseFirestore */; };
		3D9657A92C317EF0002A260A /* FirebaseStorage in Frameworks */ = {isa = PBXBuildFile; productRef = 3D9657A82C317EF0002A260A /* FirebaseStorage */; };
		3D9657AE2C317F4E002A260A /* CoreData.framework in Frameworks */ = {isa = PBXBuildFile; fileRef = 3D9657AD2C317F4E002A260A /* CoreData.framework */; };
		3D9657B12C32D5C1002A260A /* GoogleSignIn in Frameworks */ = {isa = PBXBuildFile; productRef = 3D9657B02C32D5C1002A260A /* GoogleSignIn */; };
		3D9657B32C32D5C1002A260A /* GoogleSignInSwift in Frameworks */ = {isa = PBXBuildFile; productRef = 3D9657B22C32D5C1002A260A /* GoogleSignInSwift */; };
		3D9657B52C32DA48002A260A /* SignUpVC.swift in Sources */ = {isa = PBXBuildFile; fileRef = 3D9657B42C32DA47002A260A /* SignUpVC.swift */; };
/* End PBXBuildFile section */

/* Begin PBXFileReference section */
		3D21E7422C47E3790047FC05 /* SignInVC.swift */ = {isa = PBXFileReference; lastKnownFileType = sourcecode.swift; path = SignInVC.swift; sourceTree = "<group>"; };
		3D21E7442C4805950047FC05 /* UserData.swift */ = {isa = PBXFileReference; lastKnownFileType = sourcecode.swift; path = UserData.swift; sourceTree = "<group>"; };
		3D21E7482C4A86540047FC05 /* MainMenuVC.swift */ = {isa = PBXFileReference; lastKnownFileType = sourcecode.swift; path = MainMenuVC.swift; sourceTree = "<group>"; };
		3D21E74A2C4A86A10047FC05 /* UploadVC.swift */ = {isa = PBXFileReference; lastKnownFileType = sourcecode.swift; path = UploadVC.swift; sourceTree = "<group>"; };
		3D21E74C2C4A86EF0047FC05 /* SettingsVC.swift */ = {isa = PBXFileReference; lastKnownFileType = sourcecode.swift; path = SettingsVC.swift; sourceTree = "<group>"; };
		3D21E74F2C4A9A510047FC05 /* UserSingleton.swift */ = {isa = PBXFileReference; lastKnownFileType = sourcecode.swift; path = UserSingleton.swift; sourceTree = "<group>"; };
		3D21E7552C4C29DB0047FC05 /* MainMenuCell.swift */ = {isa = PBXFileReference; lastKnownFileType = sourcecode.swift; path = MainMenuCell.swift; sourceTree = "<group>"; };
		3D21E7572C4C3E300047FC05 /* Snap.swift */ = {isa = PBXFileReference; lastKnownFileType = sourcecode.swift; path = Snap.swift; sourceTree = "<group>"; };
		3D86DC1F2C4E7CC000D1673C /* AlertC.swift */ = {isa = PBXFileReference; lastKnownFileType = sourcecode.swift; path = AlertC.swift; sourceTree = "<group>"; };
		3D86DC2A2C4ED31A00D1673C /* SnapVC.swift */ = {isa = PBXFileReference; lastKnownFileType = sourcecode.swift; path = SnapVC.swift; sourceTree = "<group>"; };
		3D9657862C317A62002A260A /* VSCO.app */ = {isa = PBXFileReference; explicitFileType = wrapper.application; includeInIndex = 0; path = VSCO.app; sourceTree = BUILT_PRODUCTS_DIR; };
		3D9657892C317A63002A260A /* AppDelegate.swift */ = {isa = PBXFileReference; lastKnownFileType = sourcecode.swift; path = AppDelegate.swift; sourceTree = "<group>"; };
		3D96578B2C317A63002A260A /* SceneDelegate.swift */ = {isa = PBXFileReference; lastKnownFileType = sourcecode.swift; path = SceneDelegate.swift; sourceTree = "<group>"; };
		3D96578D2C317A63002A260A /* LaunchVC.swift */ = {isa = PBXFileReference; lastKnownFileType = sourcecode.swift; path = LaunchVC.swift; sourceTree = "<group>"; };
		3D9657902C317A63002A260A /* Base */ = {isa = PBXFileReference; lastKnownFileType = file.storyboard; name = Base; path = Base.lproj/Main.storyboard; sourceTree = "<group>"; };
		3D9657922C317A66002A260A /* Assets.xcassets */ = {isa = PBXFileReference; lastKnownFileType = folder.assetcatalog; path = Assets.xcassets; sourceTree = "<group>"; };
		3D9657952C317A66002A260A /* Base */ = {isa = PBXFileReference; lastKnownFileType = file.storyboard; name = Base; path = Base.lproj/LaunchScreen.storyboard; sourceTree = "<group>"; };
		3D9657972C317A66002A260A /* Info.plist */ = {isa = PBXFileReference; lastKnownFileType = text.plist.xml; path = Info.plist; sourceTree = "<group>"; };
		3D96579D2C317AB1002A260A /* GoogleService-Info.plist */ = {isa = PBXFileReference; fileEncoding = 4; lastKnownFileType = text.plist.xml; path = "GoogleService-Info.plist"; sourceTree = "<group>"; };
		3D9657AD2C317F4E002A260A /* CoreData.framework */ = {isa = PBXFileReference; lastKnownFileType = wrapper.framework; name = CoreData.framework; path = System/Library/Frameworks/CoreData.framework; sourceTree = SDKROOT; };
		3D9657B42C32DA47002A260A /* SignUpVC.swift */ = {isa = PBXFileReference; lastKnownFileType = sourcecode.swift; path = SignUpVC.swift; sourceTree = "<group>"; };
/* End PBXFileReference section */

/* Begin PBXFrameworksBuildPhase section */
		3D9657832C317A62002A260A /* Frameworks */ = {
			isa = PBXFrameworksBuildPhase;
			buildActionMask = 2147483647;
			files = (
				3D86DC292C4ED28E00D1673C /* ImageSlideshow/SDWebImage in Frameworks */,
				3D86DC252C4ED28E00D1673C /* ImageSlideshow/Alamofire in Frameworks */,
				3D86DC272C4ED28E00D1673C /* ImageSlideshow/Kingfisher in Frameworks */,
				3D9657AE2C317F4E002A260A /* CoreData.framework in Frameworks */,
				3D9657A52C317EF0002A260A /* FirebaseDatabase in Frameworks */,
				3D9657A72C317EF0002A260A /* FirebaseFirestore in Frameworks */,
				3D86DC232C4ED28E00D1673C /* ImageSlideshow in Frameworks */,
				3D9657B32C32D5C1002A260A /* GoogleSignInSwift in Frameworks */,
				3D21E75B2C4D11630047FC05 /* SDWebImage in Frameworks */,
				3D9657A12C317EF0002A260A /* FirebaseAnalytics in Frameworks */,
				3D9657A92C317EF0002A260A /* FirebaseStorage in Frameworks */,
				3D21E75D2C4D11630047FC05 /* SDWebImageMapKit in Frameworks */,
				3D9657A32C317EF0002A260A /* FirebaseAuth in Frameworks */,
				3D21E7542C4BDF340047FC05 /* FirebaseStorageCombine-Community in Frameworks */,
				3D9657B12C32D5C1002A260A /* GoogleSignIn in Frameworks */,
			);
			runOnlyForDeploymentPostprocessing = 0;
		};
/* End PBXFrameworksBuildPhase section */

/* Begin PBXGroup section */
		3D21E7462C4996DB0047FC05 /* ViewControllers */ = {
			isa = PBXGroup;
			children = (
				3D96578D2C317A63002A260A /* LaunchVC.swift */,
				3D9657B42C32DA47002A260A /* SignUpVC.swift */,
				3D21E7422C47E3790047FC05 /* SignInVC.swift */,
				3D21E7482C4A86540047FC05 /* MainMenuVC.swift */,
				3D21E7552C4C29DB0047FC05 /* MainMenuCell.swift */,
				3D21E74A2C4A86A10047FC05 /* UploadVC.swift */,
				3D21E74C2C4A86EF0047FC05 /* SettingsVC.swift */,
				3D86DC2A2C4ED31A00D1673C /* SnapVC.swift */,
			);
			path = ViewControllers;
			sourceTree = "<group>";
		};
		3D21E7472C4997320047FC05 /* Delegate */ = {
			isa = PBXGroup;
			children = (
				3D9657892C317A63002A260A /* AppDelegate.swift */,
				3D96578B2C317A63002A260A /* SceneDelegate.swift */,
			);
			path = Delegate;
			sourceTree = "<group>";
		};
		3D21E74E2C4A99E70047FC05 /* Model */ = {
			isa = PBXGroup;
			children = (
				3D21E74F2C4A9A510047FC05 /* UserSingleton.swift */,
				3D21E7442C4805950047FC05 /* UserData.swift */,
				3D21E7572C4C3E300047FC05 /* Snap.swift */,
				3D86DC1F2C4E7CC000D1673C /* AlertC.swift */,
			);
			path = Model;
			sourceTree = "<group>";
		};
		3D96577D2C317A62002A260A = {
			isa = PBXGroup;
			children = (
				3D9657882C317A62002A260A /* VSCO */,
				3D9657872C317A62002A260A /* Products */,
				3D9657AC2C317F4E002A260A /* Frameworks */,
			);
			sourceTree = "<group>";
		};
		3D9657872C317A62002A260A /* Products */ = {
			isa = PBXGroup;
			children = (
				3D9657862C317A62002A260A /* VSCO.app */,
			);
			name = Products;
			sourceTree = "<group>";
		};
		3D9657882C317A62002A260A /* VSCO */ = {
			isa = PBXGroup;
			children = (
				3D21E74E2C4A99E70047FC05 /* Model */,
				3D21E7472C4997320047FC05 /* Delegate */,
				3D21E7462C4996DB0047FC05 /* ViewControllers */,
				3D96578F2C317A63002A260A /* Main.storyboard */,
				3D9657922C317A66002A260A /* Assets.xcassets */,
				3D9657942C317A66002A260A /* LaunchScreen.storyboard */,
				3D96579D2C317AB1002A260A /* GoogleService-Info.plist */,
				3D9657972C317A66002A260A /* Info.plist */,
			);
			path = VSCO;
			sourceTree = "<group>";
		};
		3D9657AC2C317F4E002A260A /* Frameworks */ = {
			isa = PBXGroup;
			children = (
				3D9657AD2C317F4E002A260A /* CoreData.framework */,
			);
			name = Frameworks;
			sourceTree = "<group>";
		};
/* End PBXGroup section */

/* Begin PBXNativeTarget section */
		3D9657852C317A62002A260A /* VSCO */ = {
			isa = PBXNativeTarget;
			buildConfigurationList = 3D96579A2C317A66002A260A /* Build configuration list for PBXNativeTarget "VSCO" */;
			buildPhases = (
				3D9657822C317A62002A260A /* Sources */,
				3D9657832C317A62002A260A /* Frameworks */,
				3D9657842C317A62002A260A /* Resources */,
			);
			buildRules = (
			);
			dependencies = (
			);
			name = VSCO;
			packageProductDependencies = (
				3D9657A02C317EF0002A260A /* FirebaseAnalytics */,
				3D9657A22C317EF0002A260A /* FirebaseAuth */,
				3D9657A42C317EF0002A260A /* FirebaseDatabase */,
				3D9657A62C317EF0002A260A /* FirebaseFirestore */,
				3D9657A82C317EF0002A260A /* FirebaseStorage */,
				3D9657B02C32D5C1002A260A /* GoogleSignIn */,
				3D9657B22C32D5C1002A260A /* GoogleSignInSwift */,
				3D21E7532C4BDF340047FC05 /* FirebaseStorageCombine-Community */,
				3D21E75A2C4D11630047FC05 /* SDWebImage */,
				3D21E75C2C4D11630047FC05 /* SDWebImageMapKit */,
				3D86DC222C4ED28E00D1673C /* ImageSlideshow */,
				3D86DC242C4ED28E00D1673C /* ImageSlideshow/Alamofire */,
				3D86DC262C4ED28E00D1673C /* ImageSlideshow/Kingfisher */,
				3D86DC282C4ED28E00D1673C /* ImageSlideshow/SDWebImage */,
			);
			productName = VSCO;
			productReference = 3D9657862C317A62002A260A /* VSCO.app */;
			productType = "com.apple.product-type.application";
		};
/* End PBXNativeTarget section */

/* Begin PBXProject section */
		3D96577E2C317A62002A260A /* Project object */ = {
			isa = PBXProject;
			attributes = {
				BuildIndependentTargetsInParallel = 1;
				LastSwiftUpdateCheck = 1500;
				LastUpgradeCheck = 1500;
				TargetAttributes = {
					3D9657852C317A62002A260A = {
						CreatedOnToolsVersion = 15.0.1;
					};
				};
			};
			buildConfigurationList = 3D9657812C317A62002A260A /* Build configuration list for PBXProject "VSCO" */;
			compatibilityVersion = "Xcode 14.0";
			developmentRegion = en;
			hasScannedForEncodings = 0;
			knownRegions = (
				en,
				Base,
			);
			mainGroup = 3D96577D2C317A62002A260A;
			packageReferences = (
				3D96579F2C317EEF002A260A /* XCRemoteSwiftPackageReference "firebase-ios-sdk" */,
				3D9657AF2C32D5C1002A260A /* XCRemoteSwiftPackageReference "GoogleSignIn-iOS" */,
				3D21E7592C4D11630047FC05 /* XCRemoteSwiftPackageReference "SDWebImage" */,
				3D86DC212C4ED28E00D1673C /* XCLocalSwiftPackageReference "../../../Downloads/ImageSlideshow-master" */,
			);
			productRefGroup = 3D9657872C317A62002A260A /* Products */;
			projectDirPath = "";
			projectRoot = "";
			targets = (
				3D9657852C317A62002A260A /* VSCO */,
			);
		};
/* End PBXProject section */

/* Begin PBXResourcesBuildPhase section */
		3D9657842C317A62002A260A /* Resources */ = {
			isa = PBXResourcesBuildPhase;
			buildActionMask = 2147483647;
			files = (
				3D9657962C317A66002A260A /* LaunchScreen.storyboard in Resources */,
				3D96579E2C317AB1002A260A /* GoogleService-Info.plist in Resources */,
				3D9657932C317A66002A260A /* Assets.xcassets in Resources */,
				3D9657912C317A63002A260A /* Main.storyboard in Resources */,
			);
			runOnlyForDeploymentPostprocessing = 0;
		};
/* End PBXResourcesBuildPhase section */

/* Begin PBXSourcesBuildPhase section */
		3D9657822C317A62002A260A /* Sources */ = {
			isa = PBXSourcesBuildPhase;
			buildActionMask = 2147483647;
			files = (
				3D21E7492C4A86540047FC05 /* MainMenuVC.swift in Sources */,
				3D21E7562C4C29DB0047FC05 /* MainMenuCell.swift in Sources */,
				3D21E7452C4805950047FC05 /* UserData.swift in Sources */,
				3D9657B52C32DA48002A260A /* SignUpVC.swift in Sources */,
				3D86DC2B2C4ED31A00D1673C /* SnapVC.swift in Sources */,
				3D96578E2C317A63002A260A /* LaunchVC.swift in Sources */,
				3D86DC202C4E7CC000D1673C /* AlertC.swift in Sources */,
				3D96578A2C317A63002A260A /* AppDelegate.swift in Sources */,
				3D96578C2C317A63002A260A /* SceneDelegate.swift in Sources */,
				3D21E7432C47E3790047FC05 /* SignInVC.swift in Sources */,
				3D21E74B2C4A86A10047FC05 /* UploadVC.swift in Sources */,
				3D21E7502C4A9A510047FC05 /* UserSingleton.swift in Sources */,
				3D21E74D2C4A86EF0047FC05 /* SettingsVC.swift in Sources */,
				3D21E7582C4C3E300047FC05 /* Snap.swift in Sources */,
			);
			runOnlyForDeploymentPostprocessing = 0;
		};
/* End PBXSourcesBuildPhase section */

/* Begin PBXVariantGroup section */
		3D96578F2C317A63002A260A /* Main.storyboard */ = {
			isa = PBXVariantGroup;
			children = (
				3D9657902C317A63002A260A /* Base */,
			);
			name = Main.storyboard;
			sourceTree = "<group>";
		};
		3D9657942C317A66002A260A /* LaunchScreen.storyboard */ = {
			isa = PBXVariantGroup;
			children = (
				3D9657952C317A66002A260A /* Base */,
			);
			name = LaunchScreen.storyboard;
			sourceTree = "<group>";
		};
/* End PBXVariantGroup section */

/* Begin XCBuildConfiguration section */
		3D9657982C317A66002A260A /* Debug */ = {
			isa = XCBuildConfiguration;
			buildSettings = {
				ALWAYS_SEARCH_USER_PATHS = NO;
				ASSETCATALOG_COMPILER_GENERATE_SWIFT_ASSET_SYMBOL_EXTENSIONS = YES;
				CLANG_ANALYZER_NONNULL = YES;
				CLANG_ANALYZER_NUMBER_OBJECT_CONVERSION = YES_AGGRESSIVE;
				CLANG_CXX_LANGUAGE_STANDARD = "gnu++20";
				CLANG_ENABLE_MODULES = YES;
				CLANG_ENABLE_OBJC_ARC = YES;
				CLANG_ENABLE_OBJC_WEAK = YES;
				CLANG_WARN_BLOCK_CAPTURE_AUTORELEASING = YES;
				CLANG_WARN_BOOL_CONVERSION = YES;
				CLANG_WARN_COMMA = YES;
				CLANG_WARN_CONSTANT_CONVERSION = YES;
				CLANG_WARN_DEPRECATED_OBJC_IMPLEMENTATIONS = YES;
				CLANG_WARN_DIRECT_OBJC_ISA_USAGE = YES_ERROR;
				CLANG_WARN_DOCUMENTATION_COMMENTS = YES;
				CLANG_WARN_EMPTY_BODY = YES;
				CLANG_WARN_ENUM_CONVERSION = YES;
				CLANG_WARN_INFINITE_RECURSION = YES;
				CLANG_WARN_INT_CONVERSION = YES;
				CLANG_WARN_NON_LITERAL_NULL_CONVERSION = YES;
				CLANG_WARN_OBJC_IMPLICIT_RETAIN_SELF = YES;
				CLANG_WARN_OBJC_LITERAL_CONVERSION = YES;
				CLANG_WARN_OBJC_ROOT_CLASS = YES_ERROR;
				CLANG_WARN_QUOTED_INCLUDE_IN_FRAMEWORK_HEADER = YES;
				CLANG_WARN_RANGE_LOOP_ANALYSIS = YES;
				CLANG_WARN_STRICT_PROTOTYPES = YES;
				CLANG_WARN_SUSPICIOUS_MOVE = YES;
				CLANG_WARN_UNGUARDED_AVAILABILITY = YES_AGGRESSIVE;
				CLANG_WARN_UNREACHABLE_CODE = YES;
				CLANG_WARN__DUPLICATE_METHOD_MATCH = YES;
				COPY_PHASE_STRIP = NO;
				DEBUG_INFORMATION_FORMAT = dwarf;
				ENABLE_STRICT_OBJC_MSGSEND = YES;
				ENABLE_TESTABILITY = YES;
				ENABLE_USER_SCRIPT_SANDBOXING = YES;
				GCC_C_LANGUAGE_STANDARD = gnu17;
				GCC_DYNAMIC_NO_PIC = NO;
				GCC_NO_COMMON_BLOCKS = YES;
				GCC_OPTIMIZATION_LEVEL = 0;
				GCC_PREPROCESSOR_DEFINITIONS = (
					"DEBUG=1",
					"$(inherited)",
				);
				GCC_WARN_64_TO_32_BIT_CONVERSION = YES;
				GCC_WARN_ABOUT_RETURN_TYPE = YES_ERROR;
				GCC_WARN_UNDECLARED_SELECTOR = YES;
				GCC_WARN_UNINITIALIZED_AUTOS = YES_AGGRESSIVE;
				GCC_WARN_UNUSED_FUNCTION = YES;
				GCC_WARN_UNUSED_VARIABLE = YES;
				IPHONEOS_DEPLOYMENT_TARGET = 17.0;
				LOCALIZATION_PREFERS_STRING_CATALOGS = YES;
				MTL_ENABLE_DEBUG_INFO = INCLUDE_SOURCE;
				MTL_FAST_MATH = YES;
				ONLY_ACTIVE_ARCH = YES;
				SDKROOT = iphoneos;
				SWIFT_ACTIVE_COMPILATION_CONDITIONS = "DEBUG $(inherited)";
				SWIFT_OPTIMIZATION_LEVEL = "-Onone";
			};
			name = Debug;
		};
		3D9657992C317A66002A260A /* Release */ = {
			isa = XCBuildConfiguration;
			buildSettings = {
				ALWAYS_SEARCH_USER_PATHS = NO;
				ASSETCATALOG_COMPILER_GENERATE_SWIFT_ASSET_SYMBOL_EXTENSIONS = YES;
				CLANG_ANALYZER_NONNULL = YES;
				CLANG_ANALYZER_NUMBER_OBJECT_CONVERSION = YES_AGGRESSIVE;
				CLANG_CXX_LANGUAGE_STANDARD = "gnu++20";
				CLANG_ENABLE_MODULES = YES;
				CLANG_ENABLE_OBJC_ARC = YES;
				CLANG_ENABLE_OBJC_WEAK = YES;
				CLANG_WARN_BLOCK_CAPTURE_AUTORELEASING = YES;
				CLANG_WARN_BOOL_CONVERSION = YES;
				CLANG_WARN_COMMA = YES;
				CLANG_WARN_CONSTANT_CONVERSION = YES;
				CLANG_WARN_DEPRECATED_OBJC_IMPLEMENTATIONS = YES;
				CLANG_WARN_DIRECT_OBJC_ISA_USAGE = YES_ERROR;
				CLANG_WARN_DOCUMENTATION_COMMENTS = YES;
				CLANG_WARN_EMPTY_BODY = YES;
				CLANG_WARN_ENUM_CONVERSION = YES;
				CLANG_WARN_INFINITE_RECURSION = YES;
				CLANG_WARN_INT_CONVERSION = YES;
				CLANG_WARN_NON_LITERAL_NULL_CONVERSION = YES;
				CLANG_WARN_OBJC_IMPLICIT_RETAIN_SELF = YES;
				CLANG_WARN_OBJC_LITERAL_CONVERSION = YES;
				CLANG_WARN_OBJC_ROOT_CLASS = YES_ERROR;
				CLANG_WARN_QUOTED_INCLUDE_IN_FRAMEWORK_HEADER = YES;
				CLANG_WARN_RANGE_LOOP_ANALYSIS = YES;
				CLANG_WARN_STRICT_PROTOTYPES = YES;
				CLANG_WARN_SUSPICIOUS_MOVE = YES;
				CLANG_WARN_UNGUARDED_AVAILABILITY = YES_AGGRESSIVE;
				CLANG_WARN_UNREACHABLE_CODE = YES;
				CLANG_WARN__DUPLICATE_METHOD_MATCH = YES;
				COPY_PHASE_STRIP = NO;
				DEBUG_INFORMATION_FORMAT = "dwarf-with-dsym";
				ENABLE_NS_ASSERTIONS = NO;
				ENABLE_STRICT_OBJC_MSGSEND = YES;
				ENABLE_USER_SCRIPT_SANDBOXING = YES;
				GCC_C_LANGUAGE_STANDARD = gnu17;
				GCC_NO_COMMON_BLOCKS = YES;
				GCC_WARN_64_TO_32_BIT_CONVERSION = YES;
				GCC_WARN_ABOUT_RETURN_TYPE = YES_ERROR;
				GCC_WARN_UNDECLARED_SELECTOR = YES;
				GCC_WARN_UNINITIALIZED_AUTOS = YES_AGGRESSIVE;
				GCC_WARN_UNUSED_FUNCTION = YES;
				GCC_WARN_UNUSED_VARIABLE = YES;
				IPHONEOS_DEPLOYMENT_TARGET = 17.0;
				LOCALIZATION_PREFERS_STRING_CATALOGS = YES;
				MTL_ENABLE_DEBUG_INFO = NO;
				MTL_FAST_MATH = YES;
				SDKROOT = iphoneos;
				SWIFT_COMPILATION_MODE = wholemodule;
				VALIDATE_PRODUCT = YES;
			};
			name = Release;
		};
		3D96579B2C317A66002A260A /* Debug */ = {
			isa = XCBuildConfiguration;
			buildSettings = {
				ASSETCATALOG_COMPILER_APPICON_NAME = AppIcon;
				ASSETCATALOG_COMPILER_GLOBAL_ACCENT_COLOR_NAME = AccentColor;
				CODE_SIGN_STYLE = Automatic;
				CURRENT_PROJECT_VERSION = 1;
				GENERATE_INFOPLIST_FILE = YES;
				INFOPLIST_FILE = VSCO/Info.plist;
				INFOPLIST_KEY_UIApplicationSupportsIndirectInputEvents = YES;
				INFOPLIST_KEY_UILaunchStoryboardName = LaunchScreen;
				INFOPLIST_KEY_UIMainStoryboardFile = Main;
				INFOPLIST_KEY_UISupportedInterfaceOrientations_iPad = "UIInterfaceOrientationPortrait UIInterfaceOrientationPortraitUpsideDown UIInterfaceOrientationLandscapeLeft UIInterfaceOrientationLandscapeRight";
				INFOPLIST_KEY_UISupportedInterfaceOrientations_iPhone = "UIInterfaceOrientationPortrait UIInterfaceOrientationLandscapeLeft UIInterfaceOrientationLandscapeRight";
				LD_RUNPATH_SEARCH_PATHS = (
					"$(inherited)",
					"@executable_path/Frameworks",
				);
				MARKETING_VERSION = 1.0;
				PRODUCT_BUNDLE_IDENTIFIER = com.fatihoguz.VSCO;
				PRODUCT_NAME = "$(TARGET_NAME)";
				SWIFT_EMIT_LOC_STRINGS = YES;
				SWIFT_VERSION = 5.0;
				TARGETED_DEVICE_FAMILY = "1,2";
			};
			name = Debug;
		};
		3D96579C2C317A66002A260A /* Release */ = {
			isa = XCBuildConfiguration;
			buildSettings = {
				ASSETCATALOG_COMPILER_APPICON_NAME = AppIcon;
				ASSETCATALOG_COMPILER_GLOBAL_ACCENT_COLOR_NAME = AccentColor;
				CODE_SIGN_STYLE = Automatic;
				CURRENT_PROJECT_VERSION = 1;
				GENERATE_INFOPLIST_FILE = YES;
				INFOPLIST_FILE = VSCO/Info.plist;
				INFOPLIST_KEY_UIApplicationSupportsIndirectInputEvents = YES;
				INFOPLIST_KEY_UILaunchStoryboardName = LaunchScreen;
				INFOPLIST_KEY_UIMainStoryboardFile = Main;
				INFOPLIST_KEY_UISupportedInterfaceOrientations_iPad = "UIInterfaceOrientationPortrait UIInterfaceOrientationPortraitUpsideDown UIInterfaceOrientationLandscapeLeft UIInterfaceOrientationLandscapeRight";
				INFOPLIST_KEY_UISupportedInterfaceOrientations_iPhone = "UIInterfaceOrientationPortrait UIInterfaceOrientationLandscapeLeft UIInterfaceOrientationLandscapeRight";
				LD_RUNPATH_SEARCH_PATHS = (
					"$(inherited)",
					"@executable_path/Frameworks",
				);
				MARKETING_VERSION = 1.0;
				PRODUCT_BUNDLE_IDENTIFIER = com.fatihoguz.VSCO;
				PRODUCT_NAME = "$(TARGET_NAME)";
				SWIFT_EMIT_LOC_STRINGS = YES;
				SWIFT_VERSION = 5.0;
				TARGETED_DEVICE_FAMILY = "1,2";
			};
			name = Release;
		};
/* End XCBuildConfiguration section */

/* Begin XCConfigurationList section */
		3D9657812C317A62002A260A /* Build configuration list for PBXProject "VSCO" */ = {
			isa = XCConfigurationList;
			buildConfigurations = (
				3D9657982C317A66002A260A /* Debug */,
				3D9657992C317A66002A260A /* Release */,
			);
			defaultConfigurationIsVisible = 0;
			defaultConfigurationName = Release;
		};
		3D96579A2C317A66002A260A /* Build configuration list for PBXNativeTarget "VSCO" */ = {
			isa = XCConfigurationList;
			buildConfigurations = (
				3D96579B2C317A66002A260A /* Debug */,
				3D96579C2C317A66002A260A /* Release */,
			);
			defaultConfigurationIsVisible = 0;
			defaultConfigurationName = Release;
		};
/* End XCConfigurationList section */

/* Begin XCLocalSwiftPackageReference section */
		3D86DC212C4ED28E00D1673C /* XCLocalSwiftPackageReference "../../../Downloads/ImageSlideshow-master" */ = {
			isa = XCLocalSwiftPackageReference;
			relativePath = "../../../Downloads/ImageSlideshow-master";
		};
/* End XCLocalSwiftPackageReference section */

/* Begin XCRemoteSwiftPackageReference section */
		3D21E7592C4D11630047FC05 /* XCRemoteSwiftPackageReference "SDWebImage" */ = {
			isa = XCRemoteSwiftPackageReference;
			repositoryURL = "https://github.com/SDWebImage/SDWebImage.git";
			requirement = {
				kind = upToNextMajorVersion;
				minimumVersion = 5.19.4;
			};
		};
		3D96579F2C317EEF002A260A /* XCRemoteSwiftPackageReference "firebase-ios-sdk" */ = {
			isa = XCRemoteSwiftPackageReference;
			repositoryURL = "https://github.com/firebase/firebase-ios-sdk";
			requirement = {
				kind = upToNextMajorVersion;
				minimumVersion = 10.28.1;
			};
		};
		3D9657AF2C32D5C1002A260A /* XCRemoteSwiftPackageReference "GoogleSignIn-iOS" */ = {
			isa = XCRemoteSwiftPackageReference;
			repositoryURL = "https://github.com/google/GoogleSignIn-iOS";
			requirement = {
				kind = upToNextMajorVersion;
				minimumVersion = 7.1.0;
			};
		};
/* End XCRemoteSwiftPackageReference section */

/* Begin XCSwiftPackageProductDependency section */
		3D21E7532C4BDF340047FC05 /* FirebaseStorageCombine-Community */ = {
			isa = XCSwiftPackageProductDependency;
			package = 3D96579F2C317EEF002A260A /* XCRemoteSwiftPackageReference "firebase-ios-sdk" */;
			productName = "FirebaseStorageCombine-Community";
		};
		3D21E75A2C4D11630047FC05 /* SDWebImage */ = {
			isa = XCSwiftPackageProductDependency;
			package = 3D21E7592C4D11630047FC05 /* XCRemoteSwiftPackageReference "SDWebImage" */;
			productName = SDWebImage;
		};
		3D21E75C2C4D11630047FC05 /* SDWebImageMapKit */ = {
			isa = XCSwiftPackageProductDependency;
			package = 3D21E7592C4D11630047FC05 /* XCRemoteSwiftPackageReference "SDWebImage" */;
			productName = SDWebImageMapKit;
		};
		3D86DC222C4ED28E00D1673C /* ImageSlideshow */ = {
			isa = XCSwiftPackageProductDependency;
			productName = ImageSlideshow;
		};
		3D86DC242C4ED28E00D1673C /* ImageSlideshow/Alamofire */ = {
			isa = XCSwiftPackageProductDependency;
			productName = ImageSlideshow/Alamofire;
		};
		3D86DC262C4ED28E00D1673C /* ImageSlideshow/Kingfisher */ = {
			isa = XCSwiftPackageProductDependency;
			productName = ImageSlideshow/Kingfisher;
		};
		3D86DC282C4ED28E00D1673C /* ImageSlideshow/SDWebImage */ = {
			isa = XCSwiftPackageProductDependency;
			productName = ImageSlideshow/SDWebImage;
		};
		3D9657A02C317EF0002A260A /* FirebaseAnalytics */ = {
			isa = XCSwiftPackageProductDependency;
			package = 3D96579F2C317EEF002A260A /* XCRemoteSwiftPackageReference "firebase-ios-sdk" */;
			productName = FirebaseAnalytics;
		};
		3D9657A22C317EF0002A260A /* FirebaseAuth */ = {
			isa = XCSwiftPackageProductDependency;
			package = 3D96579F2C317EEF002A260A /* XCRemoteSwiftPackageReference "firebase-ios-sdk" */;
			productName = FirebaseAuth;
		};
		3D9657A42C317EF0002A260A /* FirebaseDatabase */ = {
			isa = XCSwiftPackageProductDependency;
			package = 3D96579F2C317EEF002A260A /* XCRemoteSwiftPackageReference "firebase-ios-sdk" */;
			productName = FirebaseDatabase;
		};
		3D9657A62C317EF0002A260A /* FirebaseFirestore */ = {
			isa = XCSwiftPackageProductDependency;
			package = 3D96579F2C317EEF002A260A /* XCRemoteSwiftPackageReference "firebase-ios-sdk" */;
			productName = FirebaseFirestore;
		};
		3D9657A82C317EF0002A260A /* FirebaseStorage */ = {
			isa = XCSwiftPackageProductDependency;
			package = 3D96579F2C317EEF002A260A /* XCRemoteSwiftPackageReference "firebase-ios-sdk" */;
			productName = FirebaseStorage;
		};
		3D9657B02C32D5C1002A260A /* GoogleSignIn */ = {
			isa = XCSwiftPackageProductDependency;
			package = 3D9657AF2C32D5C1002A260A /* XCRemoteSwiftPackageReference "GoogleSignIn-iOS" */;
			productName = GoogleSignIn;
		};
		3D9657B22C32D5C1002A260A /* GoogleSignInSwift */ = {
			isa = XCSwiftPackageProductDependency;
			package = 3D9657AF2C32D5C1002A260A /* XCRemoteSwiftPackageReference "GoogleSignIn-iOS" */;
			productName = GoogleSignInSwift;
		};
/* End XCSwiftPackageProductDependency section */
	};
	rootObject = 3D96577E2C317A62002A260A /* Project object */;
}
